
Microsoft Visual Studio Solution File, Format Version 11.00
# Visual Studio 2010
Project("{FAE04EC0-301F-11D3-BF4B-00C04F79EFBC}") = "YodleTriangle", "YodleTriangle.csproj", "{5B4C9A21-7E27-4C46-B59A-2ECAC4F1EAA2}"
EndProject
Global
	GlobalSection(SolutionConfigurationPlatforms) = preSolution
		Debug|x86 = Debug|x86
		Release|x86 = Release|x86
	EndGlobalSection
	GlobalSection(ProjectConfigurationPlatforms) = postSolution
		{5B4C9A21-7E27-4C46-B59A-2ECAC4F1EAA2}.Debug|x86.ActiveCfg = Debug|x86
		{5B4C9A21-7E27-4C46-B59A-2ECAC4F1EAA2}.Debug|x86.Build.0 = Debug|x86
		{5B4C9A21-7E27-4C46-B59A-2ECAC4F1EAA2}.Release|x86.ActiveCfg = Release|x86
		{5B4C9A21-7E27-4C46-B59A-2ECAC4F1EAA2}.Release|x86.Build.0 = Release|x86
	EndGlobalSection
	GlobalSection(SolutionProperties) = preSolution
		HideSolutionNode = FALSE
	EndGlobalSection
EndGlobal
